
Microsoft Visual Studio Solution File, Format Version 12.00
# Visual Studio Version 17
VisualStudioVersion = 17.6.33829.357
MinimumVisualStudioVersion = 10.0.40219.1
Project("{FAE04EC0-301F-11D3-BF4B-00C04F79EFBC}") = "DotnetCoreRazorrApplication", "DotnetCoreRazorrApplication\DotnetCoreRazorrApplication.csproj", "{49AF929A-A359-42CF-9F8D-A768CE9829DC}"
EndProject
Global
	GlobalSection(SolutionConfigurationPlatforms) = preSolution
		Debug|Any CPU = Debug|Any CPU
		Release|Any CPU = Release|Any CPU
	EndGlobalSection
	GlobalSection(ProjectConfigurationPlatforms) = postSolution
		{49AF929A-A359-42CF-9F8D-A768CE9829DC}.Debug|Any CPU.ActiveCfg = Debug|Any CPU
		{49AF929A-A359-42CF-9F8D-A768CE9829DC}.Debug|Any CPU.Build.0 = Debug|Any CPU
		{49AF929A-A359-42CF-9F8D-A768CE9829DC}.Release|Any CPU.ActiveCfg = Release|Any CPU
		{49AF929A-A359-42CF-9F8D-A768CE9829DC}.Release|Any CPU.Build.0 = Release|Any CPU
	EndGlobalSection
	GlobalSection(SolutionProperties) = preSolution
		HideSolutionNode = FALSE
	EndGlobalSection
	GlobalSection(ExtensibilityGlobals) = postSolution
		SolutionGuid = {7E4AD519-FA31-46CF-960C-C05A802EE32E}
	EndGlobalSection
EndGlobal
